# @generated - this file is auto-generated by `mise lock` https://mise.en.dev/dev-tools/mise-lock.html

[[tools.aube]]
version = "2.2.0"
backend = "aqua:jdx/aube"

[tools.aube."platforms.linux-arm64"]
checksum = "sha256:cbfb10e58297f6b352b7722af7d069a10a991a2ec6589f2b7a9c017d14d9926e"
url = "https://github.com/aubepkg/aube/releases/download/v2.2.0/aube-v2.2.0-aarch64-unknown-linux-gnu.tar.gz"
url_api = "https://api.github.com/repos/aubepkg/aube/releases/assets/529737048"

[tools.aube."platforms.linux-arm64-musl"]
checksum = "sha256:115adfa9ba0b138f7d54c10ea8a9741d1cd1854c07306320796406d5a83375c1"
url = "https://github.com/aubepkg/aube/releases/download/v2.2.0/aube-v2.2.0-aarch64-unknown-linux-musl.tar.gz"
url_api = "https://api.github.com/repos/aubepkg/aube/releases/assets/529705095"

[tools.aube."platforms.linux-x64"]
checksum = "sha256:5d8b91f772712e6f971a2e15a52dcc392acbb21782fbb532124588deb647656b"
url = "https://github.com/aubepkg/aube/releases/download/v2.2.0/aube-v2.2.0-x86_64-unknown-linux-gnu.tar.gz"
url_api = "https://api.github.com/repos/aubepkg/aube/releases/assets/529716822"

[tools.aube."platforms.linux-x64-musl"]
checksum = "sha256:3f01b75136705709cda862ae29c059dedf52341b2bb95359f61c2b72b03f9fc8"
url = "https://github.com/aubepkg/aube/releases/download/v2.2.0/aube-v2.2.0-x86_64-unknown-linux-musl.tar.gz"
url_api = "https://api.github.com/repos/aubepkg/aube/releases/assets/529714460"

[tools.aube."platforms.macos-arm64"]
checksum = "sha256:702de7f549cef800a1f35900e638ea4fbe07bce854f234cef869cd5442484c90"
url = "https://github.com/aubepkg/aube/releases/download/v2.2.0/aube-v2.2.0-aarch64-apple-darwin.tar.gz"
url_api = "https://api.github.com/repos/aubepkg/aube/releases/assets/529761660"

[tools.aube."platforms.windows-x64"]
checksum = "sha256:2d68e3e995c336486647034eb8b99c3cfa68894e385a44200af2bc14bc4064cf"
url = "https://github.com/aubepkg/aube/releases/download/v2.2.0/aube-v2.2.0-x86_64-pc-windows-msvc.zip"
url_api = "https://api.github.com/repos/aubepkg/aube/releases/assets/529724125"

[[tools.node]]
version = "26.10.0"
backend = "core:node"

[tools.node."platforms.linux-arm64"]
checksum = "sha256:423a41bff8e2a2fa15e702fefe2919ef95823b2378744daccb8439302534b44f"
url = "https://nodejs.org/dist/v26.10.0/node-v26.10.0-linux-arm64.tar.gz"

[tools.node."platforms.linux-arm64-musl"]
checksum = "sha256:d26027bff3197050d2a2b0bfa151b18e8378ed81affa2bf5093804db158979b6"
url = "https://unofficial-builds.nodejs.org/download/release/v26.10.0/node-v26.10.0-linux-arm64-musl.tar.gz"

[tools.node."platforms.linux-x64"]
checksum = "sha256:cb5c9ce9c80d7b8821e3a258543c71b939138cf17c74d5cc44bbe85d6dbc5ad8"
url = "https://nodejs.org/dist/v26.10.0/node-v26.10.0-linux-x64.tar.gz"

[tools.node."platforms.linux-x64-musl"]
checksum = "sha256:e42da94821b9422eb76bf5aaf4de0977e04ba320b8aff6148d895a94b08ee223"
url = "https://unofficial-builds.nodejs.org/download/release/v26.10.0/node-v26.10.0-linux-x64-musl.tar.gz"

[tools.node."platforms.macos-arm64"]
checksum = "sha256:751fdf7439f115d87ee2a8f3f18c065b6151852068e3e666ac60ac2996f75ac9"
url = "https://nodejs.org/dist/v26.10.0/node-v26.10.0-darwin-arm64.tar.gz"

[tools.node."platforms.macos-x64"]
checksum = "sha256:ebbe9ab9b58ad6bb54390d6e2c862c1afa7d4475fb7e8ae8146acde211bf70df"
url = "https://nodejs.org/dist/v26.10.0/node-v26.10.0-darwin-x64.tar.gz"

[tools.node."platforms.windows-x64"]
checksum = "sha256:9fef7eca6743a6b910989cd8e78712376b394fcb9b6e1e9c44a0799a287f90c5"
url = "https://nodejs.org/dist/v26.10.0/node-v26.10.0-win-x64.zip"

[[tools.oxfmt]]
version = "0.65.0"
backend = "npm:oxfmt"

[[tools.zola]]
version = "0.23.4"
backend = "aqua:getzola/zola"

[tools.zola."platforms.linux-arm64"]
checksum = "sha256:21bb37a4f3bbac663cf8f04df9b51ac6bc154acfe2cf2c3e9ea162b4951487b6"
url = "https://github.com/getzola/zola/releases/download/v0.23.4/zola-v0.23.4-aarch64-unknown-linux-gnu.tar.gz"
url_api = "https://api.github.com/repos/getzola/zola/releases/assets/522506503"
provenance = "github-attestations"

[tools.zola."platforms.linux-arm64-musl"]
checksum = "sha256:21bb37a4f3bbac663cf8f04df9b51ac6bc154acfe2cf2c3e9ea162b4951487b6"
url = "https://github.com/getzola/zola/releases/download/v0.23.4/zola-v0.23.4-aarch64-unknown-linux-gnu.tar.gz"
url_api = "https://api.github.com/repos/getzola/zola/releases/assets/522506503"
provenance = "github-attestations"

[tools.zola."platforms.linux-x64"]
checksum = "sha256:54d1a347781b2f32330914fcc02def81c7e3ddb6111b36d1cc89c06557aed1de"
url = "https://github.com/getzola/zola/releases/download/v0.23.4/zola-v0.23.4-x86_64-unknown-linux-gnu.tar.gz"
url_api = "https://api.github.com/repos/getzola/zola/releases/assets/522506497"
provenance = "github-attestations"

[tools.zola."platforms.linux-x64-musl"]
checksum = "sha256:54d1a347781b2f32330914fcc02def81c7e3ddb6111b36d1cc89c06557aed1de"
url = "https://github.com/getzola/zola/releases/download/v0.23.4/zola-v0.23.4-x86_64-unknown-linux-gnu.tar.gz"
url_api = "https://api.github.com/repos/getzola/zola/releases/assets/522506497"
provenance = "github-attestations"

[tools.zola."platforms.macos-arm64"]
checksum = "sha256:303b8e1f3251a6250e47f811eda143316f653c22201faa66777d48ac499c0ee3"
url = "https://github.com/getzola/zola/releases/download/v0.23.4/zola-v0.23.4-aarch64-apple-darwin.tar.gz"
url_api = "https://api.github.com/repos/getzola/zola/releases/assets/522506499"
provenance = "github-attestations"

[tools.zola."platforms.macos-x64"]
checksum = "sha256:e79edcba2e8d03d22065c9cb8fa2e3abf07b823ef17f00abdc060188dceabba7"
url = "https://github.com/getzola/zola/releases/download/v0.23.4/zola-v0.23.4-x86_64-apple-darwin.tar.gz"
url_api = "https://api.github.com/repos/getzola/zola/releases/assets/522506506"
provenance = "github-attestations"

[tools.zola."platforms.windows-x64"]
checksum = "sha256:dc839498e27b631f60fd5e1527935198b7f002eb09b8446a1e2913a8fa386925"
url = "https://github.com/getzola/zola/releases/download/v0.23.4/zola-v0.23.4-x86_64-pc-windows-msvc.zip"
url_api = "https://api.github.com/repos/getzola/zola/releases/assets/522506492"
provenance = "github-attestations"
